<?xml version="1.0" encoding="UTF-8" standalone="yes" ?>
<CodeBlocks_project_file>
	<FileVersion major="1" minor="6" />
	<Project>
		<Option title="BlueCap" />
		<Option pch_mode="2" />
		<Option compiler="gcc" />
		<Build>
			<Target title="default">
				<Option output="BlueCap" prefix_auto="1" extension_auto="1" />
				<Option type="1" />
				<Option compiler="gcc" />
			</Target>
		</Build>
		<Compiler>
			<Add directory='&quot;C:\Program Files\ImageMagick-6.1.9-Q16\include&quot;' />
		</Compiler>
		<Linker>
			<Add option="win32lib/WS2_32.Lib" />
			<Add directory='&quot;C:\Program Files\ImageMagick-6.1.9-Q16\lib&quot;' />
		</Linker>
		<Unit filename="ClServ.cpp" />
		<Unit filename="ClServ_Action.cpp" />
		<Unit filename="ClServ_DwlUpl.cpp" />
		<Unit filename="ClServ_MkTransactions.cpp" />
		<Unit filename="ClServ_Protocole.cpp" />
		<Unit filename="ClServ_Tools.cpp" />
		<Unit filename="FlFileObj.cpp" />
		<Unit filename="FlFileObj.hpp" />
		<Unit filename="main.cpp" />
		<Unit filename="Serv.cpp" />
		<Unit filename="Serv.hpp" />
		<Unit filename="Serv_Action.cpp" />
		<Unit filename="Serv_Tools.cpp" />
		<Unit filename="Transaction.cpp" />
		<Unit filename="CBuffer.hpp" />
		<Unit filename="ClServ_CplxFields.cpp" />
		<Unit filename="CUser.cpp" />
		<Unit filename="CUser.hpp" />
		<Unit filename="Hotline.hpp" />
		<Unit filename="MyFile.cpp" />
		<Unit filename="MyFile.hpp" />
		<Unit filename="Systypes.hpp" />
		<Unit filename="Transaction.hpp" />
		<Unit filename="CDwlUpl.cpp" />
		<Unit filename="CDwlUpl.hpp" />
		<Extensions>
			<code_completion />
			<envvars />
			<debugger />
			<lib_finder disable_auto="1" />
		</Extensions>
	</Project>
</CodeBlocks_project_file>
